
Microsoft Visual Studio Solution File, Format Version 12.00
# Visual Studio Version 16
VisualStudioVersion = 16.0.29519.87
MinimumVisualStudioVersion = 10.0.40219.1
Project("{FAE04EC0-301F-11D3-BF4B-00C04F79EFBC}") = "POCU.NET03_HW", "POCU.NET03_HW\POCU.NET03_HW.csproj", "{3AAEEFED-3183-482C-98F5-A1BD8F5F450A}"
EndProject
Global
	GlobalSection(SolutionConfigurationPlatforms) = preSolution
		Debug|Any CPU = Debug|Any CPU
		Release|Any CPU = Release|Any CPU
	EndGlobalSection
	GlobalSection(ProjectConfigurationPlatforms) = postSolution
		{3AAEEFED-3183-482C-98F5-A1BD8F5F450A}.Debug|Any CPU.ActiveCfg = Debug|Any CPU
		{3AAEEFED-3183-482C-98F5-A1BD8F5F450A}.Debug|Any CPU.Build.0 = Debug|Any CPU
		{3AAEEFED-3183-482C-98F5-A1BD8F5F450A}.Release|Any CPU.ActiveCfg = Release|Any CPU
		{3AAEEFED-3183-482C-98F5-A1BD8F5F450A}.Release|Any CPU.Build.0 = Release|Any CPU
	EndGlobalSection
	GlobalSection(SolutionProperties) = preSolution
		HideSolutionNode = FALSE
	EndGlobalSection
	GlobalSection(ExtensibilityGlobals) = postSolution
		SolutionGuid = {B79DB847-D67A-4DE4-94C8-C8884593E74A}
	EndGlobalSection
EndGlobal
